
Microsoft Visual Studio Solution File, Format Version 12.00
# Visual Studio 15
VisualStudioVersion = 15.0.27703.2018
MinimumVisualStudioVersion = 10.0.40219.1
Project("{FAE04EC0-301F-11D3-BF4B-00C04F79EFBC}") = "AppContacts.Android", "AppContacts\AppContacts.Android\AppContacts.Android.csproj", "{89141BE9-24B8-4FDF-BD48-9A80F31E3B59}"
EndProject
Project("{FAE04EC0-301F-11D3-BF4B-00C04F79EFBC}") = "AppContacts.iOS", "AppContacts\AppContacts.iOS\AppContacts.iOS.csproj", "{984674C5-326C-413B-ACFA-6B350AF8D682}"
EndProject
Project("{9A19103F-16F7-4668-BE54-9A1E7A4F7556}") = "AppContacts", "AppContacts\AppContacts\AppContacts.csproj", "{6AC9087E-9D41-4666-A447-7E892D1693BC}"
EndProject
Global
	GlobalSection(SolutionConfigurationPlatforms) = preSolution
		Ad-Hoc|Any CPU = Ad-Hoc|Any CPU
		Ad-Hoc|iPhone = Ad-Hoc|iPhone
		Ad-Hoc|iPhoneSimulator = Ad-Hoc|iPhoneSimulator
		AppStore|Any CPU = AppStore|Any CPU
		AppStore|iPhone = AppStore|iPhone
		AppStore|iPhoneSimulator = AppStore|iPhoneSimulator
		Debug|Any CPU = Debug|Any CPU
		Debug|iPhone = Debug|iPhone
		Debug|iPhoneSimulator = Debug|iPhoneSimulator
		Release|Any CPU = Release|Any CPU
		Release|iPhone = Release|iPhone
		Release|iPhoneSimulator = Release|iPhoneSimulator
	EndGlobalSection
	GlobalSection(ProjectConfigurationPlatforms) = postSolution
		{89141BE9-24B8-4FDF-BD48-9A80F31E3B59}.Ad-Hoc|Any CPU.ActiveCfg = Release|Any CPU
		{89141BE9-24B8-4FDF-BD48-9A80F31E3B59}.Ad-Hoc|Any CPU.Build.0 = Release|Any CPU
		{89141BE9-24B8-4FDF-BD48-9A80F31E3B59}.Ad-Hoc|Any CPU.Deploy.0 = Release|Any CPU
		{89141BE9-24B8-4FDF-BD48-9A80F31E3B59}.Ad-Hoc|iPhone.ActiveCfg = Release|Any CPU
		{89141BE9-24B8-4FDF-BD48-9A80F31E3B59}.Ad-Hoc|iPhone.Build.0 = Release|Any CPU
		{89141BE9-24B8-4FDF-BD48-9A80F31E3B59}.Ad-Hoc|iPhone.Deploy.0 = Release|Any CPU
		{89141BE9-24B8-4FDF-BD48-9A80F31E3B59}.Ad-Hoc|iPhoneSimulator.ActiveCfg = Release|Any CPU
		{89141BE9-24B8-4FDF-BD48-9A80F31E3B59}.Ad-Hoc|iPhoneSimulator.Build.0 = Release|Any CPU
		{89141BE9-24B8-4FDF-BD48-9A80F31E3B59}.Ad-Hoc|iPhoneSimulator.Deploy.0 = Release|Any CPU
		{89141BE9-24B8-4FDF-BD48-9A80F31E3B59}.AppStore|Any CPU.ActiveCfg = Release|Any CPU
		{89141BE9-24B8-4FDF-BD48-9A80F31E3B59}.AppStore|Any CPU.Build.0 = Release|Any CPU
		{89141BE9-24B8-4FDF-BD48-9A80F31E3B59}.AppStore|Any CPU.Deploy.0 = Release|Any CPU
		{89141BE9-24B8-4FDF-BD48-9A80F31E3B59}.AppStore|iPhone.ActiveCfg = Release|Any CPU
		{89141BE9-24B8-4FDF-BD48-9A80F31E3B59}.AppStore|iPhone.Build.0 = Release|Any CPU
		{89141BE9-24B8-4FDF-BD48-9A80F31E3B59}.AppStore|iPhone.Deploy.0 = Release|Any CPU
		{89141BE9-24B8-4FDF-BD48-9A80F31E3B59}.AppStore|iPhoneSimulator.ActiveCfg = Release|Any CPU
		{89141BE9-24B8-4FDF-BD48-9A80F31E3B59}.AppStore|iPhoneSimulator.Build.0 = Release|Any CPU
		{89141BE9-24B8-4FDF-BD48-9A80F31E3B59}.AppStore|iPhoneSimulator.Deploy.0 = Release|Any CPU
		{89141BE9-24B8-4FDF-BD48-9A80F31E3B59}.Debug|Any CPU.ActiveCfg = Debug|Any CPU
		{89141BE9-24B8-4FDF-BD48-9A80F31E3B59}.Debug|Any CPU.Build.0 = Debug|Any CPU
		{89141BE9-24B8-4FDF-BD48-9A80F31E3B59}.Debug|Any CPU.Deploy.0 = Debug|Any CPU
		{89141BE9-24B8-4FDF-BD48-9A80F31E3B59}.Debug|iPhone.ActiveCfg = Debug|Any CPU
		{89141BE9-24B8-4FDF-BD48-9A80F31E3B59}.Debug|iPhone.Build.0 = Debug|Any CPU
		{89141BE9-24B8-4FDF-BD48-9A80F31E3B59}.Debug|iPhone.Deploy.0 = Debug|Any CPU
		{89141BE9-24B8-4FDF-BD48-9A80F31E3B59}.Debug|iPhoneSimulator.ActiveCfg = Debug|Any CPU
		{89141BE9-24B8-4FDF-BD48-9A80F31E3B59}.Debug|iPhoneSimulator.Build.0 = Debug|Any CPU
		{89141BE9-24B8-4FDF-BD48-9A80F31E3B59}.Debug|iPhoneSimulator.Deploy.0 = Debug|Any CPU
		{89141BE9-24B8-4FDF-BD48-9A80F31E3B59}.Release|Any CPU.ActiveCfg = Release|Any CPU
		{89141BE9-24B8-4FDF-BD48-9A80F31E3B59}.Release|Any CPU.Build.0 = Release|Any CPU
		{89141BE9-24B8-4FDF-BD48-9A80F31E3B59}.Release|Any CPU.Deploy.0 = Release|Any CPU
		{89141BE9-24B8-4FDF-BD48-9A80F31E3B59}.Release|iPhone.ActiveCfg = Release|Any CPU
		{89141BE9-24B8-4FDF-BD48-9A80F31E3B59}.Release|iPhone.Build.0 = Release|Any CPU
		{89141BE9-24B8-4FDF-BD48-9A80F31E3B59}.Release|iPhone.Deploy.0 = Release|Any CPU
		{89141BE9-24B8-4FDF-BD48-9A80F31E3B59}.Release|iPhoneSimulator.ActiveCfg = Release|Any CPU
		{89141BE9-24B8-4FDF-BD48-9A80F31E3B59}.Release|iPhoneSimulator.Build.0 = Release|Any CPU
		{89141BE9-24B8-4FDF-BD48-9A80F31E3B59}.Release|iPhoneSimulator.Deploy.0 = Release|Any CPU
		{984674C5-326C-413B-ACFA-6B350AF8D682}.Ad-Hoc|Any CPU.ActiveCfg = Ad-Hoc|iPhone
		{984674C5-326C-413B-ACFA-6B350AF8D682}.Ad-Hoc|Any CPU.Build.0 = Ad-Hoc|iPhone
		{984674C5-326C-413B-ACFA-6B350AF8D682}.Ad-Hoc|Any CPU.Deploy.0 = Ad-Hoc|iPhone
		{984674C5-326C-413B-ACFA-6B350AF8D682}.Ad-Hoc|iPhone.ActiveCfg = Ad-Hoc|iPhone
		{984674C5-326C-413B-ACFA-6B350AF8D682}.Ad-Hoc|iPhone.Build.0 = Ad-Hoc|iPhone
		{984674C5-326C-413B-ACFA-6B350AF8D682}.Ad-Hoc|iPhone.Deploy.0 = Ad-Hoc|iPhone
		{984674C5-326C-413B-ACFA-6B350AF8D682}.Ad-Hoc|iPhoneSimulator.ActiveCfg = Ad-Hoc|iPhoneSimulator
		{984674C5-326C-413B-ACFA-6B350AF8D682}.Ad-Hoc|iPhoneSimulator.Build.0 = Ad-Hoc|iPhoneSimulator
		{984674C5-326C-413B-ACFA-6B350AF8D682}.Ad-Hoc|iPhoneSimulator.Deploy.0 = Ad-Hoc|iPhoneSimulator
		{984674C5-326C-413B-ACFA-6B350AF8D682}.AppStore|Any CPU.ActiveCfg = AppStore|iPhone
		{984674C5-326C-413B-ACFA-6B350AF8D682}.AppStore|Any CPU.Build.0 = AppStore|iPhone
		{984674C5-326C-413B-ACFA-6B350AF8D682}.AppStore|Any CPU.Deploy.0 = AppStore|iPhone
		{984674C5-326C-413B-ACFA-6B350AF8D682}.AppStore|iPhone.ActiveCfg = AppStore|iPhone
		{984674C5-326C-413B-ACFA-6B350AF8D682}.AppStore|iPhone.Build.0 = AppStore|iPhone
		{984674C5-326C-413B-ACFA-6B350AF8D682}.AppStore|iPhone.Deploy.0 = AppStore|iPhone
		{984674C5-326C-413B-ACFA-6B350AF8D682}.AppStore|iPhoneSimulator.ActiveCfg = AppStore|iPhoneSimulator
		{984674C5-326C-413B-ACFA-6B350AF8D682}.AppStore|iPhoneSimulator.Build.0 = AppStore|iPhoneSimulator
		{984674C5-326C-413B-ACFA-6B350AF8D682}.AppStore|iPhoneSimulator.Deploy.0 = AppStore|iPhoneSimulator
		{984674C5-326C-413B-ACFA-6B350AF8D682}.Debug|Any CPU.ActiveCfg = Debug|iPhoneSimulator
		{984674C5-326C-413B-ACFA-6B350AF8D682}.Debug|Any CPU.Build.0 = Debug|iPhoneSimulator
		{984674C5-326C-413B-ACFA-6B350AF8D682}.Debug|Any CPU.Deploy.0 = Debug|iPhoneSimulator
		{984674C5-326C-413B-ACFA-6B350AF8D682}.Debug|iPhone.ActiveCfg = Debug|iPhone
		{984674C5-326C-413B-ACFA-6B350AF8D682}.Debug|iPhone.Build.0 = Debug|iPhone
		{984674C5-326C-413B-ACFA-6B350AF8D682}.Debug|iPhone.Deploy.0 = Debug|iPhone
		{984674C5-326C-413B-ACFA-6B350AF8D682}.Debug|iPhoneSimulator.ActiveCfg = Debug|iPhoneSimulator
		{984674C5-326C-413B-ACFA-6B350AF8D682}.Debug|iPhoneSimulator.Build.0 = Debug|iPhoneSimulator
		{984674C5-326C-413B-ACFA-6B350AF8D682}.Debug|iPhoneSimulator.Deploy.0 = Debug|iPhoneSimulator
		{984674C5-326C-413B-ACFA-6B350AF8D682}.Release|Any CPU.ActiveCfg = Release|iPhone
		{984674C5-326C-413B-ACFA-6B350AF8D682}.Release|Any CPU.Build.0 = Release|iPhone
		{984674C5-326C-413B-ACFA-6B350AF8D682}.Release|Any CPU.Deploy.0 = Release|iPhone
		{984674C5-326C-413B-ACFA-6B350AF8D682}.Release|iPhone.ActiveCfg = Release|iPhone
		{984674C5-326C-413B-ACFA-6B350AF8D682}.Release|iPhone.Build.0 = Release|iPhone
		{984674C5-326C-413B-ACFA-6B350AF8D682}.Release|iPhone.Deploy.0 = Release|iPhone
		{984674C5-326C-413B-ACFA-6B350AF8D682}.Release|iPhoneSimulator.ActiveCfg = Release|iPhoneSimulator
		{984674C5-326C-413B-ACFA-6B350AF8D682}.Release|iPhoneSimulator.Build.0 = Release|iPhoneSimulator
		{984674C5-326C-413B-ACFA-6B350AF8D682}.Release|iPhoneSimulator.Deploy.0 = Release|iPhoneSimulator
		{6AC9087E-9D41-4666-A447-7E892D1693BC}.Ad-Hoc|Any CPU.ActiveCfg = Debug|Any CPU
		{6AC9087E-9D41-4666-A447-7E892D1693BC}.Ad-Hoc|Any CPU.Build.0 = Debug|Any CPU
		{6AC9087E-9D41-4666-A447-7E892D1693BC}.Ad-Hoc|Any CPU.Deploy.0 = Debug|Any CPU
		{6AC9087E-9D41-4666-A447-7E892D1693BC}.Ad-Hoc|iPhone.ActiveCfg = Debug|Any CPU
		{6AC9087E-9D41-4666-A447-7E892D1693BC}.Ad-Hoc|iPhone.Build.0 = Debug|Any CPU
		{6AC9087E-9D41-4666-A447-7E892D1693BC}.Ad-Hoc|iPhone.Deploy.0 = Debug|Any CPU
		{6AC9087E-9D41-4666-A447-7E892D1693BC}.Ad-Hoc|iPhoneSimulator.ActiveCfg = Debug|Any CPU
		{6AC9087E-9D41-4666-A447-7E892D1693BC}.Ad-Hoc|iPhoneSimulator.Build.0 = Debug|Any CPU
		{6AC9087E-9D41-4666-A447-7E892D1693BC}.Ad-Hoc|iPhoneSimulator.Deploy.0 = Debug|Any CPU
		{6AC9087E-9D41-4666-A447-7E892D1693BC}.AppStore|Any CPU.ActiveCfg = Debug|Any CPU
		{6AC9087E-9D41-4666-A447-7E892D1693BC}.AppStore|Any CPU.Build.0 = Debug|Any CPU
		{6AC9087E-9D41-4666-A447-7E892D1693BC}.AppStore|Any CPU.Deploy.0 = Debug|Any CPU
		{6AC9087E-9D41-4666-A447-7E892D1693BC}.AppStore|iPhone.ActiveCfg = Debug|Any CPU
		{6AC9087E-9D41-4666-A447-7E892D1693BC}.AppStore|iPhone.Build.0 = Debug|Any CPU
		{6AC9087E-9D41-4666-A447-7E892D1693BC}.AppStore|iPhone.Deploy.0 = Debug|Any CPU
		{6AC9087E-9D41-4666-A447-7E892D1693BC}.AppStore|iPhoneSimulator.ActiveCfg = Debug|Any CPU
		{6AC9087E-9D41-4666-A447-7E892D1693BC}.AppStore|iPhoneSimulator.Build.0 = Debug|Any CPU
		{6AC9087E-9D41-4666-A447-7E892D1693BC}.AppStore|iPhoneSimulator.Deploy.0 = Debug|Any CPU
		{6AC9087E-9D41-4666-A447-7E892D1693BC}.Debug|Any CPU.ActiveCfg = Debug|Any CPU
		{6AC9087E-9D41-4666-A447-7E892D1693BC}.Debug|Any CPU.Build.0 = Debug|Any CPU
		{6AC9087E-9D41-4666-A447-7E892D1693BC}.Debug|Any CPU.Deploy.0 = Debug|Any CPU
		{6AC9087E-9D41-4666-A447-7E892D1693BC}.Debug|iPhone.ActiveCfg = Debug|Any CPU
		{6AC9087E-9D41-4666-A447-7E892D1693BC}.Debug|iPhone.Build.0 = Debug|Any CPU
		{6AC9087E-9D41-4666-A447-7E892D1693BC}.Debug|iPhone.Deploy.0 = Debug|Any CPU
		{6AC9087E-9D41-4666-A447-7E892D1693BC}.Debug|iPhoneSimulator.ActiveCfg = Debug|Any CPU
		{6AC9087E-9D41-4666-A447-7E892D1693BC}.Debug|iPhoneSimulator.Build.0 = Debug|Any CPU
		{6AC9087E-9D41-4666-A447-7E892D1693BC}.Debug|iPhoneSimulator.Deploy.0 = Debug|Any CPU
		{6AC9087E-9D41-4666-A447-7E892D1693BC}.Release|Any CPU.ActiveCfg = Release|Any CPU
		{6AC9087E-9D41-4666-A447-7E892D1693BC}.Release|Any CPU.Build.0 = Release|Any CPU
		{6AC9087E-9D41-4666-A447-7E892D1693BC}.Release|Any CPU.Deploy.0 = Release|Any CPU
		{6AC9087E-9D41-4666-A447-7E892D1693BC}.Release|iPhone.ActiveCfg = Release|Any CPU
		{6AC9087E-9D41-4666-A447-7E892D1693BC}.Release|iPhone.Build.0 = Release|Any CPU
		{6AC9087E-9D41-4666-A447-7E892D1693BC}.Release|iPhone.Deploy.0 = Release|Any CPU
		{6AC9087E-9D41-4666-A447-7E892D1693BC}.Release|iPhoneSimulator.ActiveCfg = Release|Any CPU
		{6AC9087E-9D41-4666-A447-7E892D1693BC}.Release|iPhoneSimulator.Build.0 = Release|Any CPU
		{6AC9087E-9D41-4666-A447-7E892D1693BC}.Release|iPhoneSimulator.Deploy.0 = Release|Any CPU
	EndGlobalSection
	GlobalSection(SolutionProperties) = preSolution
		HideSolutionNode = FALSE
	EndGlobalSection
	GlobalSection(ExtensibilityGlobals) = postSolution
		SolutionGuid = {4BF33FC6-CD37-4330-8A79-080C117651B7}
	EndGlobalSection
EndGlobal
